
Microsoft Visual Studio Solution File, Format Version 12.00
# Visual Studio 2012
Project("{FAE04EC0-301F-11D3-BF4B-00C04F79EFBC}") = "ParseListELB", "ParseListELB\ParseListELB.csproj", "{A759835E-5CA1-40CB-86FA-B5A419FE7360}"
EndProject
Global
	GlobalSection(SolutionConfigurationPlatforms) = preSolution
		Debug|Any CPU = Debug|Any CPU
		Release|Any CPU = Release|Any CPU
	EndGlobalSection
	GlobalSection(ProjectConfigurationPlatforms) = postSolution
		{A759835E-5CA1-40CB-86FA-B5A419FE7360}.Debug|Any CPU.ActiveCfg = Debug|Any CPU
		{A759835E-5CA1-40CB-86FA-B5A419FE7360}.Debug|Any CPU.Build.0 = Debug|Any CPU
		{A759835E-5CA1-40CB-86FA-B5A419FE7360}.Release|Any CPU.ActiveCfg = Release|Any CPU
		{A759835E-5CA1-40CB-86FA-B5A419FE7360}.Release|Any CPU.Build.0 = Release|Any CPU
	EndGlobalSection
	GlobalSection(SolutionProperties) = preSolution
		HideSolutionNode = FALSE
	EndGlobalSection
EndGlobal
